
Microsoft Visual Studio Solution File, Format Version 12.00
# Visual Studio Version 16
VisualStudioVersion = 16.0.28721.148
MinimumVisualStudioVersion = 10.0.40219.1
Project("{888888A0-9F3D-457C-B088-3A5042F75D52}") = "PythonApplication1", "PythonApplication1.pyproj", "{1F4F502F-80CE-480B-8868-65C026E9DCAF}"
EndProject
Project("{2150E333-8FDC-42A3-9474-1A3956D46DE8}") = "Solution Items", "Solution Items", "{03F1C399-36CE-49B1-9C25-AB5D0F39B020}"
	ProjectSection(SolutionItems) = preProject
		fw9.json = fw9.json
	EndProjectSection
EndProject
Global
	GlobalSection(SolutionConfigurationPlatforms) = preSolution
		Debug|Any CPU = Debug|Any CPU
		Release|Any CPU = Release|Any CPU
	EndGlobalSection
	GlobalSection(ProjectConfigurationPlatforms) = postSolution
		{1F4F502F-80CE-480B-8868-65C026E9DCAF}.Debug|Any CPU.ActiveCfg = Debug|Any CPU
		{1F4F502F-80CE-480B-8868-65C026E9DCAF}.Release|Any CPU.ActiveCfg = Release|Any CPU
	EndGlobalSection
	GlobalSection(SolutionProperties) = preSolution
		HideSolutionNode = FALSE
	EndGlobalSection
	GlobalSection(ExtensibilityGlobals) = postSolution
		SolutionGuid = {3BB964A1-5032-40A1-BBA5-B6A6B9882A43}
	EndGlobalSection
EndGlobal
